
Microsoft Visual Studio Solution File, Format Version 12.00
# Visual Studio 15
VisualStudioVersion = 15.0.28307.757
MinimumVisualStudioVersion = 10.0.40219.1
Project("{FAE04EC0-301F-11D3-BF4B-00C04F79EFBC}") = "TTDLEO 2019 Rerelease", "TTDLEO 2019 Rerelease\TTDLEO 2019 Rerelease.csproj", "{CD19223E-5B7D-4071-BCE7-9EAD27271E36}"
EndProject
Global
	GlobalSection(SolutionConfigurationPlatforms) = preSolution
		Debug|Any CPU = Debug|Any CPU
		Release|Any CPU = Release|Any CPU
	EndGlobalSection
	GlobalSection(ProjectConfigurationPlatforms) = postSolution
		{CD19223E-5B7D-4071-BCE7-9EAD27271E36}.Debug|Any CPU.ActiveCfg = Debug|Any CPU
		{CD19223E-5B7D-4071-BCE7-9EAD27271E36}.Debug|Any CPU.Build.0 = Debug|Any CPU
		{CD19223E-5B7D-4071-BCE7-9EAD27271E36}.Release|Any CPU.ActiveCfg = Release|Any CPU
		{CD19223E-5B7D-4071-BCE7-9EAD27271E36}.Release|Any CPU.Build.0 = Release|Any CPU
	EndGlobalSection
	GlobalSection(SolutionProperties) = preSolution
		HideSolutionNode = FALSE
	EndGlobalSection
	GlobalSection(ExtensibilityGlobals) = postSolution
		SolutionGuid = {47277D23-2607-4713-B6F2-E8E964CB94B2}
	EndGlobalSection
EndGlobal
